
Microsoft Visual Studio Solution File, Format Version 12.00
# Visual Studio Version 17
VisualStudioVersion = 17.5.33627.172
MinimumVisualStudioVersion = 10.0.40219.1
Project("{9A19103F-16F7-4668-BE54-9A1E7A4F7556}") = "CrackTC.SharpDown", "Library\CrackTC.SharpDown.csproj", "{F020488A-630C-47DD-8EB2-30817FD87ED5}"
EndProject
Project("{9A19103F-16F7-4668-BE54-9A1E7A4F7556}") = "Test", "Test\Test.csproj", "{0E0CD5C7-B80C-4CAB-A763-7CF52C25B601}"
EndProject
Project("{FAE04EC0-301F-11D3-BF4B-00C04F79EFBC}") = "CrackTC.SharpDown.Cli", "CrackTC.SharpDown.Cli\CrackTC.SharpDown.Cli.csproj", "{ACE6D0FC-FF3D-46C9-85D5-6411C540ACCB}"
EndProject
Global
	GlobalSection(SolutionConfigurationPlatforms) = preSolution
		Debug|Any CPU = Debug|Any CPU
		Release|Any CPU = Release|Any CPU
	EndGlobalSection
	GlobalSection(ProjectConfigurationPlatforms) = postSolution
		{F020488A-630C-47DD-8EB2-30817FD87ED5}.Debug|Any CPU.ActiveCfg = Debug|Any CPU
		{F020488A-630C-47DD-8EB2-30817FD87ED5}.Debug|Any CPU.Build.0 = Debug|Any CPU
		{F020488A-630C-47DD-8EB2-30817FD87ED5}.Release|Any CPU.ActiveCfg = Release|Any CPU
		{F020488A-630C-47DD-8EB2-30817FD87ED5}.Release|Any CPU.Build.0 = Release|Any CPU
		{0E0CD5C7-B80C-4CAB-A763-7CF52C25B601}.Debug|Any CPU.ActiveCfg = Debug|Any CPU
		{0E0CD5C7-B80C-4CAB-A763-7CF52C25B601}.Debug|Any CPU.Build.0 = Debug|Any CPU
		{0E0CD5C7-B80C-4CAB-A763-7CF52C25B601}.Release|Any CPU.ActiveCfg = Release|Any CPU
		{0E0CD5C7-B80C-4CAB-A763-7CF52C25B601}.Release|Any CPU.Build.0 = Release|Any CPU
		{ACE6D0FC-FF3D-46C9-85D5-6411C540ACCB}.Debug|Any CPU.ActiveCfg = Debug|Any CPU
		{ACE6D0FC-FF3D-46C9-85D5-6411C540ACCB}.Debug|Any CPU.Build.0 = Debug|Any CPU
		{ACE6D0FC-FF3D-46C9-85D5-6411C540ACCB}.Release|Any CPU.ActiveCfg = Release|Any CPU
		{ACE6D0FC-FF3D-46C9-85D5-6411C540ACCB}.Release|Any CPU.Build.0 = Release|Any CPU
	EndGlobalSection
	GlobalSection(SolutionProperties) = preSolution
		HideSolutionNode = FALSE
	EndGlobalSection
	GlobalSection(ExtensibilityGlobals) = postSolution
		SolutionGuid = {705ECCF5-7E21-4B81-8083-F490BCEDB727}
	EndGlobalSection
EndGlobal
